<?xml version="1.0" encoding="utf-8"?>
<Project ToolsVersion="4.0" xmlns="http://schemas.microsoft.com/developer/msbuild/2003">
  <ItemGroup>
    <Filter Include="deps">
      <UniqueIdentifier>{b8ba1727-3fb7-4d20-a5ac-5bf25f3d8d2f}</UniqueIdentifier>
    </Filter>
    <Filter Include="src">
      <UniqueIdentifier>{4FC737F1-C7A5-4376-A066-2A32D752A2FF}</UniqueIdentifier>
      <Extensions>cpp;c;cc;cxx;def;odl;idl;hpj;bat;asm;asmx</Extensions>
    </Filter>
    <Filter Include="src\raz_libs">
      <UniqueIdentifier>{68e85898-6727-44c0-9c92-b215faed4431}</UniqueIdentifier>
    </Filter>
    <Filter Include="shaders">
      <UniqueIdentifier>{5bb1171c-7e5e-4ec5-9357-3ff04acc928b}</UniqueIdentifier>
    </Filter>
  </ItemGroup>
  <ItemGroup>
    <ClCompile Include="main.cpp">
      <Filter>src</Filter>
    </ClCompile>
    <ClCompile Include="deps\dear_imgui\imgui_draw.cpp">
      <Filter>deps</Filter>
    </ClCompile>
    <ClCompile Include="deps\glad\glad.c">
      <Filter>src</Filter>
    </ClCompile>
    <ClCompile Include="deps\dear_imgui\imgui_demo.cpp">
      <Filter>deps</Filter>
    </ClCompile>
    <ClCompile Include="deps\dear_imgui\imgui.cpp">
      <Filter>deps</Filter>
    </ClCompile>
    <ClCompile Include="deps\dear_imgui\imgui.h">
      <Filter>deps</Filter>
    </ClCompile>
  </ItemGroup>
  <ItemGroup>
    <ClInclude Include="imgl.hpp">
      <Filter>src</Filter>
    </ClInclude>
    <ClInclude Include="platform_window.hpp">
      <Filter>src</Filter>
    </ClInclude>
    <ClInclude Include="rendering.hpp">
      <Filter>src</Filter>
    </ClInclude>
    <ClInclude Include="raz_libs\basic_typedefs.hpp">
      <Filter>src\raz_libs</Filter>
    </ClInclude>
    <ClInclude Include="raz_libs\compiler_specific.hpp">
      <Filter>src\raz_libs</Filter>
    </ClInclude>
    <ClInclude Include="raz_libs\defer.hpp">
      <Filter>src\raz_libs</Filter>
    </ClInclude>
    <ClInclude Include="raz_libs\math.hpp">
      <Filter>src\raz_libs</Filter>
    </ClInclude>
    <ClInclude Include="raz_libs\preprocessor_stuff.hpp">
      <Filter>src\raz_libs</Filter>
    </ClInclude>
    <ClInclude Include="raz_libs\prints.hpp">
      <Filter>src\raz_libs</Filter>
    </ClInclude>
    <ClInclude Include="raz_libs\simple_file_io.hpp">
      <Filter>src\raz_libs</Filter>
    </ClInclude>
    <ClInclude Include="raz_libs\string_stuff.hpp">
      <Filter>src\raz_libs</Filter>
    </ClInclude>
    <ClInclude Include="raz_libs\vector.hpp">
      <Filter>src\raz_libs</Filter>
    </ClInclude>
    <ClInclude Include="raz_libs\vector_tv2.hpp">
      <Filter>src\raz_libs</Filter>
    </ClInclude>
    <ClInclude Include="raz_libs\vector_tv3.hpp">
      <Filter>src\raz_libs</Filter>
    </ClInclude>
    <ClInclude Include="raz_libs\vector_tv4.hpp">
      <Filter>src\raz_libs</Filter>
    </ClInclude>
    <ClInclude Include="colors.hpp">
      <Filter>src</Filter>
    </ClInclude>
    <ClInclude Include="sorted_vector.hpp">
      <Filter>src</Filter>
    </ClInclude>
    <ClInclude Include="font.hpp">
      <Filter>src</Filter>
    </ClInclude>
    <ClInclude Include="texture.hpp">
      <Filter>src</Filter>
    </ClInclude>
    <ClInclude Include="deps\glad\glad.h">
      <Filter>deps</Filter>
    </ClInclude>
    <ClInclude Include="deps\glad\khrplatform.h">
      <Filter>deps</Filter>
    </ClInclude>
    <ClInclude Include="shader.hpp">
      <Filter>src</Filter>
    </ClInclude>
    <ClInclude Include="dear_imgui.hpp">
      <Filter>src</Filter>
    </ClInclude>
    <ClInclude Include="opengl_draw.hpp">
      <Filter>src</Filter>
    </ClInclude>
    <ClInclude Include="deps\dear_imgui\imconfig.h">
      <Filter>deps</Filter>
    </ClInclude>
    <ClInclude Include="deps\dear_imgui\imgui_internal.h">
      <Filter>deps</Filter>
    </ClInclude>
    <ClInclude Include="deps\stb\stb_rect_pack.h">
      <Filter>deps</Filter>
    </ClInclude>
    <ClInclude Include="deps\stb\stb_truetype.h">
      <Filter>deps</Filter>
    </ClInclude>
  </ItemGroup>
  <ItemGroup>
    <Text Include="todo.txt" />
  </ItemGroup>
  <ItemGroup>
    <None Include="shaders\textured.frag">
      <Filter>shaders</Filter>
    </None>
    <None Include="shaders\textured.vert">
      <Filter>shaders</Filter>
    </None>
    <None Include="shaders\imgui.frag">
      <Filter>shaders</Filter>
    </None>
    <None Include="shaders\imgui.vert">
      <Filter>shaders</Filter>
    </None>
    <None Include="shaders\sdf_font.frag">
      <Filter>shaders</Filter>
    </None>
    <None Include="shaders\sdf_font.vert">
      <Filter>shaders</Filter>
    </None>
    <None Include="shaders\solid.vert">
      <Filter>shaders</Filter>
    </None>
    <None Include="shaders\solid.frag">
      <Filter>shaders</Filter>
    </None>
  </ItemGroup>
</Project>